
Microsoft Visual Studio Solution File, Format Version 12.00
# Visual Studio Version 17
VisualStudioVersion = 17.0.32014.148
MinimumVisualStudioVersion = 10.0.40219.1
Project("{9A19103F-16F7-4668-BE54-9A1E7A4F7556}") = "ScientificReports.Web", "ScientificReports.Web\ScientificReports.Web.csproj", "{20F19657-4B73-4FD9-9F38-2E2A0BF7CC52}"
EndProject
Project("{9A19103F-16F7-4668-BE54-9A1E7A4F7556}") = "ScientificReports.Domain", "ScientificReports.Domain\ScientificReports.Domain.csproj", "{62DF081E-C715-4A56-81B7-9EA81274E579}"
EndProject
Project("{9A19103F-16F7-4668-BE54-9A1E7A4F7556}") = "ScientificReports.DAL", "ScientificReports.DAL\ScientificReports.DAL.csproj", "{1A51DFFC-668C-4955-8109-0EED80815F3C}"
EndProject
Project("{9A19103F-16F7-4668-BE54-9A1E7A4F7556}") = "ScientificReports.BLL", "ScientificReports.BLL\ScientificReports.BLL.csproj", "{BA93FA73-9BC2-4B82-B83D-9C78C660BE2E}"
EndProject
Project("{2150E333-8FDC-42A3-9474-1A3956D46DE8}") = "Solution Items", "Solution Items", "{59DE9410-0BFA-4C6A-896C-0D1FB3844674}"
	ProjectSection(SolutionItems) = preProject
		.editorconfig = .editorconfig
		Directory.Build.props = Directory.Build.props
	EndProjectSection
EndProject
Global
	GlobalSection(SolutionConfigurationPlatforms) = preSolution
		Debug|Any CPU = Debug|Any CPU
		Release|Any CPU = Release|Any CPU
	EndGlobalSection
	GlobalSection(ProjectConfigurationPlatforms) = postSolution
		{20F19657-4B73-4FD9-9F38-2E2A0BF7CC52}.Debug|Any CPU.ActiveCfg = Debug|Any CPU
		{20F19657-4B73-4FD9-9F38-2E2A0BF7CC52}.Debug|Any CPU.Build.0 = Debug|Any CPU
		{20F19657-4B73-4FD9-9F38-2E2A0BF7CC52}.Release|Any CPU.ActiveCfg = Release|Any CPU
		{20F19657-4B73-4FD9-9F38-2E2A0BF7CC52}.Release|Any CPU.Build.0 = Release|Any CPU
		{62DF081E-C715-4A56-81B7-9EA81274E579}.Debug|Any CPU.ActiveCfg = Debug|Any CPU
		{62DF081E-C715-4A56-81B7-9EA81274E579}.Debug|Any CPU.Build.0 = Debug|Any CPU
		{62DF081E-C715-4A56-81B7-9EA81274E579}.Release|Any CPU.ActiveCfg = Release|Any CPU
		{62DF081E-C715-4A56-81B7-9EA81274E579}.Release|Any CPU.Build.0 = Release|Any CPU
		{1A51DFFC-668C-4955-8109-0EED80815F3C}.Debug|Any CPU.ActiveCfg = Debug|Any CPU
		{1A51DFFC-668C-4955-8109-0EED80815F3C}.Debug|Any CPU.Build.0 = Debug|Any CPU
		{1A51DFFC-668C-4955-8109-0EED80815F3C}.Release|Any CPU.ActiveCfg = Release|Any CPU
		{1A51DFFC-668C-4955-8109-0EED80815F3C}.Release|Any CPU.Build.0 = Release|Any CPU
		{BA93FA73-9BC2-4B82-B83D-9C78C660BE2E}.Debug|Any CPU.ActiveCfg = Debug|Any CPU
		{BA93FA73-9BC2-4B82-B83D-9C78C660BE2E}.Debug|Any CPU.Build.0 = Debug|Any CPU
		{BA93FA73-9BC2-4B82-B83D-9C78C660BE2E}.Release|Any CPU.ActiveCfg = Release|Any CPU
		{BA93FA73-9BC2-4B82-B83D-9C78C660BE2E}.Release|Any CPU.Build.0 = Release|Any CPU
	EndGlobalSection
	GlobalSection(SolutionProperties) = preSolution
		HideSolutionNode = FALSE
	EndGlobalSection
	GlobalSection(ExtensibilityGlobals) = postSolution
		SolutionGuid = {13ECAEC1-687D-4EB1-A32F-E3466B4EA7A1}
	EndGlobalSection
EndGlobal
